
Microsoft Visual Studio Solution File, Format Version 12.00
# Visual Studio 15
VisualStudioVersion = 15.0.28010.2048
MinimumVisualStudioVersion = 10.0.40219.1
Project("{9A19103F-16F7-4668-BE54-9A1E7A4F7556}") = "AG.ServiceResponsePattern", "Src\AG.ServiceResponsePattern\AG.ServiceResponsePattern.csproj", "{1F681E22-7B9B-44E3-9686-13573F20E8C5}"
EndProject
Project("{9A19103F-16F7-4668-BE54-9A1E7A4F7556}") = "AG.ServiceResponsePattern.Tests", "Tests\AG.ServiceResponsePattern\AG.ServiceResponsePattern.Tests.csproj", "{900A581C-8128-471B-9B7D-8123879A5DB7}"
EndProject
Global
	GlobalSection(SolutionConfigurationPlatforms) = preSolution
		Debug|Any CPU = Debug|Any CPU
		Release|Any CPU = Release|Any CPU
	EndGlobalSection
	GlobalSection(ProjectConfigurationPlatforms) = postSolution
		{1F681E22-7B9B-44E3-9686-13573F20E8C5}.Debug|Any CPU.ActiveCfg = Debug|Any CPU
		{1F681E22-7B9B-44E3-9686-13573F20E8C5}.Debug|Any CPU.Build.0 = Debug|Any CPU
		{1F681E22-7B9B-44E3-9686-13573F20E8C5}.Release|Any CPU.ActiveCfg = Release|Any CPU
		{1F681E22-7B9B-44E3-9686-13573F20E8C5}.Release|Any CPU.Build.0 = Release|Any CPU
		{900A581C-8128-471B-9B7D-8123879A5DB7}.Debug|Any CPU.ActiveCfg = Debug|Any CPU
		{900A581C-8128-471B-9B7D-8123879A5DB7}.Debug|Any CPU.Build.0 = Debug|Any CPU
		{900A581C-8128-471B-9B7D-8123879A5DB7}.Release|Any CPU.ActiveCfg = Release|Any CPU
		{900A581C-8128-471B-9B7D-8123879A5DB7}.Release|Any CPU.Build.0 = Release|Any CPU
	EndGlobalSection
	GlobalSection(SolutionProperties) = preSolution
		HideSolutionNode = FALSE
	EndGlobalSection
	GlobalSection(ExtensibilityGlobals) = postSolution
		SolutionGuid = {0E82B80A-51FA-423E-B97C-E76CA48FE246}
	EndGlobalSection
EndGlobal
